// !$*UTF8*$!
{
	archiveVersion = 1;
	classes = {
	};
	objectVersion = 50;
	objects = {

/* Begin PBXBuildFile section */
		FBDC363F22305B7200AE23BD /* AppDelegate.swift in Sources */ = {isa = PBXBuildFile; fileRef = FBDC363E22305B7200AE23BD /* AppDelegate.swift */; };
		FBDC364422305B7200AE23BD /* Main.storyboard in Resources */ = {isa = PBXBuildFile; fileRef = FBDC364222305B7200AE23BD /* Main.storyboard */; };
		FBDC364622305B7300AE23BD /* Assets.xcassets in Resources */ = {isa = PBXBuildFile; fileRef = FBDC364522305B7300AE23BD /* Assets.xcassets */; };
		FBDC364922305B7300AE23BD /* LaunchScreen.storyboard in Resources */ = {isa = PBXBuildFile; fileRef = FBDC364722305B7300AE23BD /* LaunchScreen.storyboard */; };
		FBDC365422305FA700AE23BD /* FlashlightViewController.swift in Sources */ = {isa = PBXBuildFile; fileRef = FBDC365322305FA700AE23BD /* FlashlightViewController.swift */; };
/* End PBXBuildFile section */

/* Begin PBXFileReference section */
		FBDC363B22305B7200AE23BD /* Flashlight_Master.app */ = {isa = PBXFileReference; explicitFileType = wrapper.application; includeInIndex = 0; path = Flashlight_Master.app; sourceTree = BUILT_PRODUCTS_DIR; };
		FBDC363E22305B7200AE23BD /* AppDelegate.swift */ = {isa = PBXFileReference; lastKnownFileType = sourcecode.swift; path = AppDelegate.swift; sourceTree = "<group>"; };
		FBDC364322305B7200AE23BD /* Base */ = {isa = PBXFileReference; lastKnownFileType = file.storyboard; name = Base; path = Base.lproj/Main.storyboard; sourceTree = "<group>"; };
		FBDC364522305B7300AE23BD /* Assets.xcassets */ = {isa = PBXFileReference; lastKnownFileType = folder.assetcatalog; path = Assets.xcassets; sourceTree = "<group>"; };
		FBDC364822305B7300AE23BD /* Base */ = {isa = PBXFileReference; lastKnownFileType = file.storyboard; name = Base; path = Base.lproj/LaunchScreen.storyboard; sourceTree = "<group>"; };
		FBDC364A22305B7300AE23BD /* Info.plist */ = {isa = PBXFileReference; lastKnownFileType = text.plist.xml; path = Info.plist; sourceTree = "<group>"; };
		FBDC365322305FA700AE23BD /* FlashlightViewController.swift */ = {isa = PBXFileReference; lastKnownFileType = sourcecode.swift; path = FlashlightViewController.swift; sourceTree = "<group>"; };
/* End PBXFileReference section */

/* Begin PBXFrameworksBuildPhase section */
		FBDC363822305B7200AE23BD /* Frameworks */ = {
			isa = PBXFrameworksBuildPhase;
			buildActionMask = 2147483647;
			files = (
			);
			runOnlyForDeploymentPostprocessing = 0;
		};
/* End PBXFrameworksBuildPhase section */

/* Begin PBXGroup section */
		FBDC363222305B7200AE23BD = {
			isa = PBXGroup;
			children = (
				FBDC363D22305B7200AE23BD /* Flashlight_Master */,
				FBDC363C22305B7200AE23BD /* Products */,
			);
			sourceTree = "<group>";
		};
		FBDC363C22305B7200AE23BD /* Products */ = {
			isa = PBXGroup;
			children = (
				FBDC363B22305B7200AE23BD /* Flashlight_Master.app */,
			);
			name = Products;
			sourceTree = "<group>";
		};
		FBDC363D22305B7200AE23BD /* Flashlight_Master */ = {
			isa = PBXGroup;
			children = (
				FBDC365222305F0F00AE23BD /* View Controllers */,
				FBDC365022305ED800AE23BD /* Storyboards */,
				FBDC365122305F0300AE23BD /* Source Files */,
			);
			path = Flashlight_Master;
			sourceTree = "<group>";
		};
		FBDC365022305ED800AE23BD /* Storyboards */ = {
			isa = PBXGroup;
			children = (
				FBDC364222305B7200AE23BD /* Main.storyboard */,
				FBDC364722305B7300AE23BD /* LaunchScreen.storyboard */,
			);
			path = Storyboards;
			sourceTree = "<group>";
		};
		FBDC365122305F0300AE23BD /* Source Files */ = {
			isa = PBXGroup;
			children = (
				FBDC363E22305B7200AE23BD /* AppDelegate.swift */,
				FBDC364522305B7300AE23BD /* Assets.xcassets */,
				FBDC364A22305B7300AE23BD /* Info.plist */,
			);
			path = "Source Files";
			sourceTree = "<group>";
		};
		FBDC365222305F0F00AE23BD /* View Controllers */ = {
			isa = PBXGroup;
			children = (
				FBDC365322305FA700AE23BD /* FlashlightViewController.swift */,
			);
			path = "View Controllers";
			sourceTree = "<group>";
		};
/* End PBXGroup section */

/* Begin PBXNativeTarget section */
		FBDC363A22305B7200AE23BD /* Flashlight_Master */ = {
			isa = PBXNativeTarget;
			buildConfigurationList = FBDC364D22305B7300AE23BD /* Build configuration list for PBXNativeTarget "Flashlight_Master" */;
			buildPhases = (
				FBDC363722305B7200AE23BD /* Sources */,
				FBDC363822305B7200AE23BD /* Frameworks */,
				FBDC363922305B7200AE23BD /* Resources */,
			);
			buildRules = (
			);
			dependencies = (
			);
			name = Flashlight_Master;
			productName = Flashlight_Master;
			productReference = FBDC363B22305B7200AE23BD /* Flashlight_Master.app */;
			productType = "com.apple.product-type.application";
		};
/* End PBXNativeTarget section */

/* Begin PBXProject section */
		FBDC363322305B7200AE23BD /* Project object */ = {
			isa = PBXProject;
			attributes = {
				LastSwiftUpdateCheck = 1010;
				LastUpgradeCheck = 1010;
				ORGANIZATIONNAME = "Karl Pfister";
				TargetAttributes = {
					FBDC363A22305B7200AE23BD = {
						CreatedOnToolsVersion = 10.1;
					};
				};
			};
			buildConfigurationList = FBDC363622305B7200AE23BD /* Build configuration list for PBXProject "Flashlight_Master" */;
			compatibilityVersion = "Xcode 9.3";
			developmentRegion = en;
			hasScannedForEncodings = 0;
			knownRegions = (
				en,
				Base,
			);
			mainGroup = FBDC363222305B7200AE23BD;
			productRefGroup = FBDC363C22305B7200AE23BD /* Products */;
			projectDirPath = "";
			projectRoot = "";
			targets = (
				FBDC363A22305B7200AE23BD /* Flashlight_Master */,
			);
		};
/* End PBXProject section */

/* Begin PBXResourcesBuildPhase section */
		FBDC363922305B7200AE23BD /* Resources */ = {
			isa = PBXResourcesBuildPhase;
			buildActionMask = 2147483647;
			files = (
				FBDC364922305B7300AE23BD /* LaunchScreen.storyboard in Resources */,
				FBDC364622305B7300AE23BD /* Assets.xcassets in Resources */,
				FBDC364422305B7200AE23BD /* Main.storyboard in Resources */,
			);
			runOnlyForDeploymentPostprocessing = 0;
		};
/* End PBXResourcesBuildPhase section */

/* Begin PBXSourcesBuildPhase section */
		FBDC363722305B7200AE23BD /* Sources */ = {
			isa = PBXSourcesBuildPhase;
			buildActionMask = 2147483647;
			files = (
				FBDC365422305FA700AE23BD /* FlashlightViewController.swift in Sources */,
				FBDC363F22305B7200AE23BD /* AppDelegate.swift in Sources */,
			);
			runOnlyForDeploymentPostprocessing = 0;
		};
/* End PBXSourcesBuildPhase section */

/* Begin PBXVariantGroup section */
		FBDC364222305B7200AE23BD /* Main.storyboard */ = {
			isa = PBXVariantGroup;
			children = (
				FBDC364322305B7200AE23BD /* Base */,
			);
			name = Main.storyboard;
			sourceTree = "<group>";
		};
		FBDC364722305B7300AE23BD /* LaunchScreen.storyboard */ = {
			isa = PBXVariantGroup;
			children = (
				FBDC364822305B7300AE23BD /* Base */,
			);
			name = LaunchScreen.storyboard;
			sourceTree = "<group>";
		};
/* End PBXVariantGroup section */

/* Begin XCBuildConfiguration section */
		FBDC364B22305B7300AE23BD /* Debug */ = {
			isa = XCBuildConfiguration;
			buildSettings = {
				ALWAYS_SEARCH_USER_PATHS = NO;
				CLANG_ANALYZER_NONNULL = YES;
				CLANG_ANALYZER_NUMBER_OBJECT_CONVERSION = YES_AGGRESSIVE;
				CLANG_CXX_LANGUAGE_STANDARD = "gnu++14";
				CLANG_CXX_LIBRARY = "libc++";
				CLANG_ENABLE_MODULES = YES;
				CLANG_ENABLE_OBJC_ARC = YES;
				CLANG_ENABLE_OBJC_WEAK = YES;
				CLANG_WARN_BLOCK_CAPTURE_AUTORELEASING = YES;
				CLANG_WARN_BOOL_CONVERSION = YES;
				CLANG_WARN_COMMA = YES;
				CLANG_WARN_CONSTANT_CONVERSION = YES;
				CLANG_WARN_DEPRECATED_OBJC_IMPLEMENTATIONS = YES;
				CLANG_WARN_DIRECT_OBJC_ISA_USAGE = YES_ERROR;
				CLANG_WARN_DOCUMENTATION_COMMENTS = YES;
				CLANG_WARN_EMPTY_BODY = YES;
				CLANG_WARN_ENUM_CONVERSION = YES;
				CLANG_WARN_INFINITE_RECURSION = YES;
				CLANG_WARN_INT_CONVERSION = YES;
				CLANG_WARN_NON_LITERAL_NULL_CONVERSION = YES;
				CLANG_WARN_OBJC_IMPLICIT_RETAIN_SELF = YES;
				CLANG_WARN_OBJC_LITERAL_CONVERSION = YES;
				CLANG_WARN_OBJC_ROOT_CLASS = YES_ERROR;
				CLANG_WARN_RANGE_LOOP_ANALYSIS = YES;
				CLANG_WARN_STRICT_PROTOTYPES = YES;
				CLANG_WARN_SUSPICIOUS_MOVE = YES;
				CLANG_WARN_UNGUARDED_AVAILABILITY = YES_AGGRESSIVE;
				CLANG_WARN_UNREACHABLE_CODE = YES;
				CLANG_WARN__DUPLICATE_METHOD_MATCH = YES;
				CODE_SIGN_IDENTITY = "iPhone Developer";
				COPY_PHASE_STRIP = NO;
				DEBUG_INFORMATION_FORMAT = dwarf;
				ENABLE_STRICT_OBJC_MSGSEND = YES;
				ENABLE_TESTABILITY = YES;
				GCC_C_LANGUAGE_STANDARD = gnu11;
				GCC_DYNAMIC_NO_PIC = NO;
				GCC_NO_COMMON_BLOCKS = YES;
				GCC_OPTIMIZATION_LEVEL = 0;
				GCC_PREPROCESSOR_DEFINITIONS = (
					"DEBUG=1",
					"$(inherited)",
				);
				GCC_WARN_64_TO_32_BIT_CONVERSION = YES;
				GCC_WARN_ABOUT_RETURN_TYPE = YES_ERROR;
				GCC_WARN_UNDECLARED_SELECTOR = YES;
				GCC_WARN_UNINITIALIZED_AUTOS = YES_AGGRESSIVE;
				GCC_WARN_UNUSED_FUNCTION = YES;
				GCC_WARN_UNUSED_VARIABLE = YES;
				IPHONEOS_DEPLOYMENT_TARGET = 12.1;
				MTL_ENABLE_DEBUG_INFO = INCLUDE_SOURCE;
				MTL_FAST_MATH = YES;
				ONLY_ACTIVE_ARCH = YES;
				SDKROOT = iphoneos;
				SWIFT_ACTIVE_COMPILATION_CONDITIONS = DEBUG;
				SWIFT_OPTIMIZATION_LEVEL = "-Onone";
			};
			name = Debug;
		};
		FBDC364C22305B7300AE23BD /* Release */ = {
			isa = XCBuildConfiguration;
			buildSettings = {
				ALWAYS_SEARCH_USER_PATHS = NO;
				CLANG_ANALYZER_NONNULL = YES;
				CLANG_ANALYZER_NUMBER_OBJECT_CONVERSION = YES_AGGRESSIVE;
				CLANG_CXX_LANGUAGE_STANDARD = "gnu++14";
				CLANG_CXX_LIBRARY = "libc++";
				CLANG_ENABLE_MODULES = YES;
				CLANG_ENABLE_OBJC_ARC = YES;
				CLANG_ENABLE_OBJC_WEAK = YES;
				CLANG_WARN_BLOCK_CAPTURE_AUTORELEASING = YES;
				CLANG_WARN_BOOL_CONVERSION = YES;
				CLANG_WARN_COMMA = YES;
				CLANG_WARN_CONSTANT_CONVERSION = YES;
				CLANG_WARN_DEPRECATED_OBJC_IMPLEMENTATIONS = YES;
				CLANG_WARN_DIRECT_OBJC_ISA_USAGE = YES_ERROR;
				CLANG_WARN_DOCUMENTATION_COMMENTS = YES;
				CLANG_WARN_EMPTY_BODY = YES;
				CLANG_WARN_ENUM_CONVERSION = YES;
				CLANG_WARN_INFINITE_RECURSION = YES;
				CLANG_WARN_INT_CONVERSION = YES;
				CLANG_WARN_NON_LITERAL_NULL_CONVERSION = YES;
				CLANG_WARN_OBJC_IMPLICIT_RETAIN_SELF = YES;
				CLANG_WARN_OBJC_LITERAL_CONVERSION = YES;
				CLANG_WARN_OBJC_ROOT_CLASS = YES_ERROR;
				CLANG_WARN_RANGE_LOOP_ANALYSIS = YES;
				CLANG_WARN_STRICT_PROTOTYPES = YES;
				CLANG_WARN_SUSPICIOUS_MOVE = YES;
				CLANG_WARN_UNGUARDED_AVAILABILITY = YES_AGGRESSIVE;
				CLANG_WARN_UNREACHABLE_CODE = YES;
				CLANG_WARN__DUPLICATE_METHOD_MATCH = YES;
				CODE_SIGN_IDENTITY = "iPhone Developer";
				COPY_PHASE_STRIP = NO;
				DEBUG_INFORMATION_FORMAT = "dwarf-with-dsym";
				ENABLE_NS_ASSERTIONS = NO;
				ENABLE_STRICT_OBJC_MSGSEND = YES;
				GCC_C_LANGUAGE_STANDARD = gnu11;
				GCC_NO_COMMON_BLOCKS = YES;
				GCC_WARN_64_TO_32_BIT_CONVERSION = YES;
				GCC_WARN_ABOUT_RETURN_TYPE = YES_ERROR;
				GCC_WARN_UNDECLARED_SELECTOR = YES;
				GCC_WARN_UNINITIALIZED_AUTOS = YES_AGGRESSIVE;
				GCC_WARN_UNUSED_FUNCTION = YES;
				GCC_WARN_UNUSED_VARIABLE = YES;
				IPHONEOS_DEPLOYMENT_TARGET = 12.1;
				MTL_ENABLE_DEBUG_INFO = NO;
				MTL_FAST_MATH = YES;
				SDKROOT = iphoneos;
				SWIFT_COMPILATION_MODE = wholemodule;
				SWIFT_OPTIMIZATION_LEVEL = "-O";
				VALIDATE_PRODUCT = YES;
			};
			name = Release;
		};
		FBDC364E22305B7300AE23BD /* Debug */ = {
			isa = XCBuildConfiguration;
			buildSettings = {
				ASSETCATALOG_COMPILER_APPICON_NAME = AppIcon;
				CODE_SIGN_STYLE = Automatic;
				DEVELOPMENT_TEAM = 4J7B9732LY;
				INFOPLIST_FILE = "$(SRCROOT)/Flashlight_Master/Source Files/Info.plist";
				LD_RUNPATH_SEARCH_PATHS = (
					"$(inherited)",
					"@executable_path/Frameworks",
				);
				PRODUCT_BUNDLE_IDENTIFIER = "Wolf-In-sheeps-coding.Flashlight-Master";
				PRODUCT_NAME = "$(TARGET_NAME)";
				SWIFT_VERSION = 4.2;
				TARGETED_DEVICE_FAMILY = "1,2";
			};
			name = Debug;
		};
		FBDC364F22305B7300AE23BD /* Release */ = {
			isa = XCBuildConfiguration;
			buildSettings = {
				ASSETCATALOG_COMPILER_APPICON_NAME = AppIcon;
				CODE_SIGN_STYLE = Automatic;
				DEVELOPMENT_TEAM = 4J7B9732LY;
				INFOPLIST_FILE = "$(SRCROOT)/Flashlight_Master/Source Files/Info.plist";
				LD_RUNPATH_SEARCH_PATHS = (
					"$(inherited)",
					"@executable_path/Frameworks",
				);
				PRODUCT_BUNDLE_IDENTIFIER = "Wolf-In-sheeps-coding.Flashlight-Master";
				PRODUCT_NAME = "$(TARGET_NAME)";
				SWIFT_VERSION = 4.2;
				TARGETED_DEVICE_FAMILY = "1,2";
			};
			name = Release;
		};
/* End XCBuildConfiguration section */

/* Begin XCConfigurationList section */
		FBDC363622305B7200AE23BD /* Build configuration list for PBXProject "Flashlight_Master" */ = {
			isa = XCConfigurationList;
			buildConfigurations = (
				FBDC364B22305B7300AE23BD /* Debug */,
				FBDC364C22305B7300AE23BD /* Release */,
			);
			defaultConfigurationIsVisible = 0;
			defaultConfigurationName = Release;
		};
		FBDC364D22305B7300AE23BD /* Build configuration list for PBXNativeTarget "Flashlight_Master" */ = {
			isa = XCConfigurationList;
			buildConfigurations = (
				FBDC364E22305B7300AE23BD /* Debug */,
				FBDC364F22305B7300AE23BD /* Release */,
			);
			defaultConfigurationIsVisible = 0;
			defaultConfigurationName = Release;
		};
/* End XCConfigurationList section */
	};
	rootObject = FBDC363322305B7200AE23BD /* Project object */;
}
